
Microsoft Visual Studio Solution File, Format Version 12.00
# Visual Studio Version 16
VisualStudioVersion = 16.0.28803.352
MinimumVisualStudioVersion = 10.0.40219.1
Project("{FAE04EC0-301F-11D3-BF4B-00C04F79EFBC}") = "MigracionGym", "MigracionGym\MigracionGym.csproj", "{3C97FDAA-B514-4E01-8766-96E9E61BD70D}"
EndProject
Global
	GlobalSection(SolutionConfigurationPlatforms) = preSolution
		Debug|Any CPU = Debug|Any CPU
		Release|Any CPU = Release|Any CPU
	EndGlobalSection
	GlobalSection(ProjectConfigurationPlatforms) = postSolution
		{3C97FDAA-B514-4E01-8766-96E9E61BD70D}.Debug|Any CPU.ActiveCfg = Debug|Any CPU
		{3C97FDAA-B514-4E01-8766-96E9E61BD70D}.Debug|Any CPU.Build.0 = Debug|Any CPU
		{3C97FDAA-B514-4E01-8766-96E9E61BD70D}.Release|Any CPU.ActiveCfg = Release|Any CPU
		{3C97FDAA-B514-4E01-8766-96E9E61BD70D}.Release|Any CPU.Build.0 = Release|Any CPU
	EndGlobalSection
	GlobalSection(SolutionProperties) = preSolution
		HideSolutionNode = FALSE
	EndGlobalSection
	GlobalSection(ExtensibilityGlobals) = postSolution
		SolutionGuid = {EF2F17D8-BC0A-4BE0-8A53-0D12285DC73A}
	EndGlobalSection
EndGlobal
